
Microsoft Visual Studio Solution File, Format Version 12.00
# Visual Studio Version 17
VisualStudioVersion = 17.3.32804.467
MinimumVisualStudioVersion = 10.0.40219.1
Project("{FAE04EC0-301F-11D3-BF4B-00C04F79EFBC}") = "Cadastro_de_Funcionários", "Cadastro_de_Funcionários\Cadastro_de_Funcionários.csproj", "{88AE2A5E-04A9-4E11-93BD-24084E34F4D0}"
EndProject
Global
	GlobalSection(SolutionConfigurationPlatforms) = preSolution
		Debug|Any CPU = Debug|Any CPU
		Release|Any CPU = Release|Any CPU
	EndGlobalSection
	GlobalSection(ProjectConfigurationPlatforms) = postSolution
		{88AE2A5E-04A9-4E11-93BD-24084E34F4D0}.Debug|Any CPU.ActiveCfg = Debug|Any CPU
		{88AE2A5E-04A9-4E11-93BD-24084E34F4D0}.Debug|Any CPU.Build.0 = Debug|Any CPU
		{88AE2A5E-04A9-4E11-93BD-24084E34F4D0}.Release|Any CPU.ActiveCfg = Release|Any CPU
		{88AE2A5E-04A9-4E11-93BD-24084E34F4D0}.Release|Any CPU.Build.0 = Release|Any CPU
	EndGlobalSection
	GlobalSection(SolutionProperties) = preSolution
		HideSolutionNode = FALSE
	EndGlobalSection
	GlobalSection(ExtensibilityGlobals) = postSolution
		SolutionGuid = {DA8474EC-7709-46DC-9F21-5B84F186992A}
	EndGlobalSection
EndGlobal
